// !$*UTF8*$!
{
	archiveVersion = 1;
	classes = {
	};
	objectVersion = 55;
	objects = {

/* Begin PBXBuildFile section */
		062A9D8928BAD45400D949E4 /* SwapRequest.swift in Sources */ = {isa = PBXBuildFile; fileRef = 062A9D8828BAD45400D949E4 /* SwapRequest.swift */; };
		06E488C028BC430E00294009 /* SwapResponse.swift in Sources */ = {isa = PBXBuildFile; fileRef = 06E488BF28BC430E00294009 /* SwapResponse.swift */; };
		06E488C328BC521600294009 /* RouteRequest.swift in Sources */ = {isa = PBXBuildFile; fileRef = 06E488C228BC521600294009 /* RouteRequest.swift */; };
		232A172F28B1FD7300D6B86A /* GraphiteController.swift in Sources */ = {isa = PBXBuildFile; fileRef = 232A172E28B1FD7300D6B86A /* GraphiteController.swift */; };
		232A173628B1FDA200D6B86A /* Base58.swift in Sources */ = {isa = PBXBuildFile; fileRef = 232A173528B1FDA200D6B86A /* Base58.swift */; };
		232A173A28B28CD400D6B86A /* Solana in Frameworks */ = {isa = PBXBuildFile; productRef = 232A173928B28CD400D6B86A /* Solana */; };
		232A173C28B2C5FC00D6B86A /* PrivateKeyManager.swift in Sources */ = {isa = PBXBuildFile; fileRef = 232A173B28B2C5FC00D6B86A /* PrivateKeyManager.swift */; };
		23EA0CA428C012A40022DC1A /* JupiterApi.swift in Sources */ = {isa = PBXBuildFile; fileRef = 23EA0CA328C012A40022DC1A /* JupiterApi.swift */; };
		23EA0CA728C13B0D0022DC1A /* CryptoCurrency.swift in Sources */ = {isa = PBXBuildFile; fileRef = 23EA0CA628C13B0D0022DC1A /* CryptoCurrency.swift */; };
		23EA0CA928C15C540022DC1A /* CryptoAmount.swift in Sources */ = {isa = PBXBuildFile; fileRef = 23EA0CA828C15C540022DC1A /* CryptoAmount.swift */; };
		23EA0CAB28C1BC150022DC1A /* InMemoryAccountStorage.swift in Sources */ = {isa = PBXBuildFile; fileRef = 23EA0CAA28C1BC150022DC1A /* InMemoryAccountStorage.swift */; };
		23F1A8FE28B525B8005CA130 /* QuoteResponse.swift in Sources */ = {isa = PBXBuildFile; fileRef = 23F1A8FD28B525B8005CA130 /* QuoteResponse.swift */; };
		23F1A90028B52742005CA130 /* Api.swift in Sources */ = {isa = PBXBuildFile; fileRef = 23F1A8FF28B52742005CA130 /* Api.swift */; };
		23F1A90428B52A36005CA130 /* Print+Precisely.swift in Sources */ = {isa = PBXBuildFile; fileRef = 23F1A90328B52A36005CA130 /* Print+Precisely.swift */; };
		23F1A90928B532A5005CA130 /* QuoteRequest.swift in Sources */ = {isa = PBXBuildFile; fileRef = 23F1A90828B532A5005CA130 /* QuoteRequest.swift */; };
/* End PBXBuildFile section */

/* Begin PBXCopyFilesBuildPhase section */
		232A172928B1FD7300D6B86A /* CopyFiles */ = {
			isa = PBXCopyFilesBuildPhase;
			buildActionMask = 2147483647;
			dstPath = /usr/share/man/man1/;
			dstSubfolderSpec = 0;
			files = (
			);
			runOnlyForDeploymentPostprocessing = 1;
		};
/* End PBXCopyFilesBuildPhase section */

/* Begin PBXFileReference section */
		062A9D8828BAD45400D949E4 /* SwapRequest.swift */ = {isa = PBXFileReference; lastKnownFileType = sourcecode.swift; path = SwapRequest.swift; sourceTree = "<group>"; };
		06E488BF28BC430E00294009 /* SwapResponse.swift */ = {isa = PBXFileReference; lastKnownFileType = sourcecode.swift; path = SwapResponse.swift; sourceTree = "<group>"; };
		06E488C228BC521600294009 /* RouteRequest.swift */ = {isa = PBXFileReference; lastKnownFileType = sourcecode.swift; path = RouteRequest.swift; sourceTree = "<group>"; };
		232A172B28B1FD7300D6B86A /* Graphite */ = {isa = PBXFileReference; explicitFileType = "compiled.mach-o.executable"; includeInIndex = 0; path = Graphite; sourceTree = BUILT_PRODUCTS_DIR; };
		232A172E28B1FD7300D6B86A /* GraphiteController.swift */ = {isa = PBXFileReference; lastKnownFileType = sourcecode.swift; path = GraphiteController.swift; sourceTree = "<group>"; };
		232A173528B1FDA200D6B86A /* Base58.swift */ = {isa = PBXFileReference; lastKnownFileType = sourcecode.swift; path = Base58.swift; sourceTree = "<group>"; };
		232A173B28B2C5FC00D6B86A /* PrivateKeyManager.swift */ = {isa = PBXFileReference; lastKnownFileType = sourcecode.swift; path = PrivateKeyManager.swift; sourceTree = "<group>"; };
		232A174028B2DB9000D6B86A /* private-key-setup.gif */ = {isa = PBXFileReference; lastKnownFileType = image.gif; path = "private-key-setup.gif"; sourceTree = "<group>"; };
		232A174128B2DBC500D6B86A /* README.md */ = {isa = PBXFileReference; fileEncoding = 4; lastKnownFileType = net.daringfireball.markdown; path = README.md; sourceTree = "<group>"; };
		23EA0CA328C012A40022DC1A /* JupiterApi.swift */ = {isa = PBXFileReference; lastKnownFileType = sourcecode.swift; path = JupiterApi.swift; sourceTree = "<group>"; };
		23EA0CA628C13B0D0022DC1A /* CryptoCurrency.swift */ = {isa = PBXFileReference; lastKnownFileType = sourcecode.swift; path = CryptoCurrency.swift; sourceTree = "<group>"; };
		23EA0CA828C15C540022DC1A /* CryptoAmount.swift */ = {isa = PBXFileReference; lastKnownFileType = sourcecode.swift; path = CryptoAmount.swift; sourceTree = "<group>"; };
		23EA0CAA28C1BC150022DC1A /* InMemoryAccountStorage.swift */ = {isa = PBXFileReference; lastKnownFileType = sourcecode.swift; path = InMemoryAccountStorage.swift; sourceTree = "<group>"; };
		23F1A8FD28B525B8005CA130 /* QuoteResponse.swift */ = {isa = PBXFileReference; lastKnownFileType = sourcecode.swift; path = QuoteResponse.swift; sourceTree = "<group>"; };
		23F1A8FF28B52742005CA130 /* Api.swift */ = {isa = PBXFileReference; lastKnownFileType = sourcecode.swift; path = Api.swift; sourceTree = "<group>"; };
		23F1A90328B52A36005CA130 /* Print+Precisely.swift */ = {isa = PBXFileReference; lastKnownFileType = sourcecode.swift; path = "Print+Precisely.swift"; sourceTree = "<group>"; };
		23F1A90828B532A5005CA130 /* QuoteRequest.swift */ = {isa = PBXFileReference; lastKnownFileType = sourcecode.swift; path = QuoteRequest.swift; sourceTree = "<group>"; };
/* End PBXFileReference section */

/* Begin PBXFrameworksBuildPhase section */
		232A172828B1FD7300D6B86A /* Frameworks */ = {
			isa = PBXFrameworksBuildPhase;
			buildActionMask = 2147483647;
			files = (
				232A173A28B28CD400D6B86A /* Solana in Frameworks */,
			);
			runOnlyForDeploymentPostprocessing = 0;
		};
/* End PBXFrameworksBuildPhase section */

/* Begin PBXGroup section */
		232A172228B1FD7300D6B86A = {
			isa = PBXGroup;
			children = (
				232A174128B2DBC500D6B86A /* README.md */,
				232A173F28B2DB8400D6B86A /* Resources */,
				232A172D28B1FD7300D6B86A /* Graphite */,
				232A172C28B1FD7300D6B86A /* Products */,
			);
			sourceTree = "<group>";
		};
		232A172C28B1FD7300D6B86A /* Products */ = {
			isa = PBXGroup;
			children = (
				232A172B28B1FD7300D6B86A /* Graphite */,
			);
			name = Products;
			sourceTree = "<group>";
		};
		232A172D28B1FD7300D6B86A /* Graphite */ = {
			isa = PBXGroup;
			children = (
				232A172E28B1FD7300D6B86A /* GraphiteController.swift */,
				23EA0CA528C13AD00022DC1A /* Model */,
				23F1A90128B52884005CA130 /* Api */,
				23F1A90228B52A2A005CA130 /* Utils */,
			);
			path = Graphite;
			sourceTree = "<group>";
		};
		232A173F28B2DB8400D6B86A /* Resources */ = {
			isa = PBXGroup;
			children = (
				232A174028B2DB9000D6B86A /* private-key-setup.gif */,
			);
			path = Resources;
			sourceTree = "<group>";
		};
		23EA0CA528C13AD00022DC1A /* Model */ = {
			isa = PBXGroup;
			children = (
				23EA0CA628C13B0D0022DC1A /* CryptoCurrency.swift */,
				23EA0CA828C15C540022DC1A /* CryptoAmount.swift */,
				23EA0CAA28C1BC150022DC1A /* InMemoryAccountStorage.swift */,
			);
			path = Model;
			sourceTree = "<group>";
		};
		23F1A90128B52884005CA130 /* Api */ = {
			isa = PBXGroup;
			children = (
				23F1A8FF28B52742005CA130 /* Api.swift */,
				23F1A90728B53290005CA130 /* Request */,
				23F1A90A28B53AAE005CA130 /* Response */,
				23EA0CA328C012A40022DC1A /* JupiterApi.swift */,
			);
			path = Api;
			sourceTree = "<group>";
		};
		23F1A90228B52A2A005CA130 /* Utils */ = {
			isa = PBXGroup;
			children = (
				232A173B28B2C5FC00D6B86A /* PrivateKeyManager.swift */,
				232A173528B1FDA200D6B86A /* Base58.swift */,
				23F1A90328B52A36005CA130 /* Print+Precisely.swift */,
			);
			path = Utils;
			sourceTree = "<group>";
		};
		23F1A90728B53290005CA130 /* Request */ = {
			isa = PBXGroup;
			children = (
				06E488C228BC521600294009 /* RouteRequest.swift */,
				23F1A90828B532A5005CA130 /* QuoteRequest.swift */,
				062A9D8828BAD45400D949E4 /* SwapRequest.swift */,
			);
			path = Request;
			sourceTree = "<group>";
		};
		23F1A90A28B53AAE005CA130 /* Response */ = {
			isa = PBXGroup;
			children = (
				23F1A8FD28B525B8005CA130 /* QuoteResponse.swift */,
				06E488BF28BC430E00294009 /* SwapResponse.swift */,
			);
			path = Response;
			sourceTree = "<group>";
		};
/* End PBXGroup section */

/* Begin PBXNativeTarget section */
		232A172A28B1FD7300D6B86A /* Graphite */ = {
			isa = PBXNativeTarget;
			buildConfigurationList = 232A173228B1FD7300D6B86A /* Build configuration list for PBXNativeTarget "Graphite" */;
			buildPhases = (
				232A172728B1FD7300D6B86A /* Sources */,
				232A172828B1FD7300D6B86A /* Frameworks */,
				232A172928B1FD7300D6B86A /* CopyFiles */,
			);
			buildRules = (
			);
			dependencies = (
			);
			name = Graphite;
			packageProductDependencies = (
				232A173928B28CD400D6B86A /* Solana */,
			);
			productName = Graphite;
			productReference = 232A172B28B1FD7300D6B86A /* Graphite */;
			productType = "com.apple.product-type.tool";
		};
/* End PBXNativeTarget section */

/* Begin PBXProject section */
		232A172328B1FD7300D6B86A /* Project object */ = {
			isa = PBXProject;
			attributes = {
				BuildIndependentTargetsInParallel = 1;
				LastSwiftUpdateCheck = 1340;
				LastUpgradeCheck = 1340;
				TargetAttributes = {
					232A172A28B1FD7300D6B86A = {
						CreatedOnToolsVersion = 13.4.1;
					};
				};
			};
			buildConfigurationList = 232A172628B1FD7300D6B86A /* Build configuration list for PBXProject "Graphite" */;
			compatibilityVersion = "Xcode 13.0";
			developmentRegion = en;
			hasScannedForEncodings = 0;
			knownRegions = (
				en,
				Base,
			);
			mainGroup = 232A172228B1FD7300D6B86A;
			packageReferences = (
				232A173828B28CD400D6B86A /* XCRemoteSwiftPackageReference "Solana.Swift" */,
			);
			productRefGroup = 232A172C28B1FD7300D6B86A /* Products */;
			projectDirPath = "";
			projectRoot = "";
			targets = (
				232A172A28B1FD7300D6B86A /* Graphite */,
			);
		};
/* End PBXProject section */

/* Begin PBXSourcesBuildPhase section */
		232A172728B1FD7300D6B86A /* Sources */ = {
			isa = PBXSourcesBuildPhase;
			buildActionMask = 2147483647;
			files = (
				23EA0CA428C012A40022DC1A /* JupiterApi.swift in Sources */,
				062A9D8928BAD45400D949E4 /* SwapRequest.swift in Sources */,
				23F1A90428B52A36005CA130 /* Print+Precisely.swift in Sources */,
				23F1A90028B52742005CA130 /* Api.swift in Sources */,
				06E488C328BC521600294009 /* RouteRequest.swift in Sources */,
				06E488C028BC430E00294009 /* SwapResponse.swift in Sources */,
				23F1A8FE28B525B8005CA130 /* QuoteResponse.swift in Sources */,
				23EA0CAB28C1BC150022DC1A /* InMemoryAccountStorage.swift in Sources */,
				23EA0CA728C13B0D0022DC1A /* CryptoCurrency.swift in Sources */,
				232A173C28B2C5FC00D6B86A /* PrivateKeyManager.swift in Sources */,
				232A172F28B1FD7300D6B86A /* GraphiteController.swift in Sources */,
				232A173628B1FDA200D6B86A /* Base58.swift in Sources */,
				23EA0CA928C15C540022DC1A /* CryptoAmount.swift in Sources */,
				23F1A90928B532A5005CA130 /* QuoteRequest.swift in Sources */,
			);
			runOnlyForDeploymentPostprocessing = 0;
		};
/* End PBXSourcesBuildPhase section */

/* Begin XCBuildConfiguration section */
		232A173028B1FD7300D6B86A /* Debug */ = {
			isa = XCBuildConfiguration;
			buildSettings = {
				ALWAYS_SEARCH_USER_PATHS = NO;
				CLANG_ANALYZER_NONNULL = YES;
				CLANG_ANALYZER_NUMBER_OBJECT_CONVERSION = YES_AGGRESSIVE;
				CLANG_CXX_LANGUAGE_STANDARD = "gnu++17";
				CLANG_ENABLE_MODULES = YES;
				CLANG_ENABLE_OBJC_ARC = YES;
				CLANG_ENABLE_OBJC_WEAK = YES;
				CLANG_WARN_BLOCK_CAPTURE_AUTORELEASING = YES;
				CLANG_WARN_BOOL_CONVERSION = YES;
				CLANG_WARN_COMMA = YES;
				CLANG_WARN_CONSTANT_CONVERSION = YES;
				CLANG_WARN_DEPRECATED_OBJC_IMPLEMENTATIONS = YES;
				CLANG_WARN_DIRECT_OBJC_ISA_USAGE = YES_ERROR;
				CLANG_WARN_DOCUMENTATION_COMMENTS = YES;
				CLANG_WARN_EMPTY_BODY = YES;
				CLANG_WARN_ENUM_CONVERSION = YES;
				CLANG_WARN_INFINITE_RECURSION = YES;
				CLANG_WARN_INT_CONVERSION = YES;
				CLANG_WARN_NON_LITERAL_NULL_CONVERSION = YES;
				CLANG_WARN_OBJC_IMPLICIT_RETAIN_SELF = YES;
				CLANG_WARN_OBJC_LITERAL_CONVERSION = YES;
				CLANG_WARN_OBJC_ROOT_CLASS = YES_ERROR;
				CLANG_WARN_QUOTED_INCLUDE_IN_FRAMEWORK_HEADER = YES;
				CLANG_WARN_RANGE_LOOP_ANALYSIS = YES;
				CLANG_WARN_STRICT_PROTOTYPES = YES;
				CLANG_WARN_SUSPICIOUS_MOVE = YES;
				CLANG_WARN_UNGUARDED_AVAILABILITY = YES_AGGRESSIVE;
				CLANG_WARN_UNREACHABLE_CODE = YES;
				CLANG_WARN__DUPLICATE_METHOD_MATCH = YES;
				COPY_PHASE_STRIP = NO;
				DEBUG_INFORMATION_FORMAT = dwarf;
				ENABLE_STRICT_OBJC_MSGSEND = YES;
				ENABLE_TESTABILITY = YES;
				GCC_C_LANGUAGE_STANDARD = gnu11;
				GCC_DYNAMIC_NO_PIC = NO;
				GCC_NO_COMMON_BLOCKS = YES;
				GCC_OPTIMIZATION_LEVEL = 0;
				GCC_PREPROCESSOR_DEFINITIONS = (
					"DEBUG=1",
					"$(inherited)",
				);
				GCC_WARN_64_TO_32_BIT_CONVERSION = YES;
				GCC_WARN_ABOUT_RETURN_TYPE = YES_ERROR;
				GCC_WARN_UNDECLARED_SELECTOR = YES;
				GCC_WARN_UNINITIALIZED_AUTOS = YES_AGGRESSIVE;
				GCC_WARN_UNUSED_FUNCTION = YES;
				GCC_WARN_UNUSED_VARIABLE = YES;
				MACOSX_DEPLOYMENT_TARGET = 12.3;
				MTL_ENABLE_DEBUG_INFO = INCLUDE_SOURCE;
				MTL_FAST_MATH = YES;
				ONLY_ACTIVE_ARCH = YES;
				SDKROOT = macosx;
				SWIFT_ACTIVE_COMPILATION_CONDITIONS = DEBUG;
				SWIFT_OPTIMIZATION_LEVEL = "-Onone";
			};
			name = Debug;
		};
		232A173128B1FD7300D6B86A /* Release */ = {
			isa = XCBuildConfiguration;
			buildSettings = {
				ALWAYS_SEARCH_USER_PATHS = NO;
				CLANG_ANALYZER_NONNULL = YES;
				CLANG_ANALYZER_NUMBER_OBJECT_CONVERSION = YES_AGGRESSIVE;
				CLANG_CXX_LANGUAGE_STANDARD = "gnu++17";
				CLANG_ENABLE_MODULES = YES;
				CLANG_ENABLE_OBJC_ARC = YES;
				CLANG_ENABLE_OBJC_WEAK = YES;
				CLANG_WARN_BLOCK_CAPTURE_AUTORELEASING = YES;
				CLANG_WARN_BOOL_CONVERSION = YES;
				CLANG_WARN_COMMA = YES;
				CLANG_WARN_CONSTANT_CONVERSION = YES;
				CLANG_WARN_DEPRECATED_OBJC_IMPLEMENTATIONS = YES;
				CLANG_WARN_DIRECT_OBJC_ISA_USAGE = YES_ERROR;
				CLANG_WARN_DOCUMENTATION_COMMENTS = YES;
				CLANG_WARN_EMPTY_BODY = YES;
				CLANG_WARN_ENUM_CONVERSION = YES;
				CLANG_WARN_INFINITE_RECURSION = YES;
				CLANG_WARN_INT_CONVERSION = YES;
				CLANG_WARN_NON_LITERAL_NULL_CONVERSION = YES;
				CLANG_WARN_OBJC_IMPLICIT_RETAIN_SELF = YES;
				CLANG_WARN_OBJC_LITERAL_CONVERSION = YES;
				CLANG_WARN_OBJC_ROOT_CLASS = YES_ERROR;
				CLANG_WARN_QUOTED_INCLUDE_IN_FRAMEWORK_HEADER = YES;
				CLANG_WARN_RANGE_LOOP_ANALYSIS = YES;
				CLANG_WARN_STRICT_PROTOTYPES = YES;
				CLANG_WARN_SUSPICIOUS_MOVE = YES;
				CLANG_WARN_UNGUARDED_AVAILABILITY = YES_AGGRESSIVE;
				CLANG_WARN_UNREACHABLE_CODE = YES;
				CLANG_WARN__DUPLICATE_METHOD_MATCH = YES;
				COPY_PHASE_STRIP = NO;
				DEBUG_INFORMATION_FORMAT = "dwarf-with-dsym";
				ENABLE_NS_ASSERTIONS = NO;
				ENABLE_STRICT_OBJC_MSGSEND = YES;
				GCC_C_LANGUAGE_STANDARD = gnu11;
				GCC_NO_COMMON_BLOCKS = YES;
				GCC_WARN_64_TO_32_BIT_CONVERSION = YES;
				GCC_WARN_ABOUT_RETURN_TYPE = YES_ERROR;
				GCC_WARN_UNDECLARED_SELECTOR = YES;
				GCC_WARN_UNINITIALIZED_AUTOS = YES_AGGRESSIVE;
				GCC_WARN_UNUSED_FUNCTION = YES;
				GCC_WARN_UNUSED_VARIABLE = YES;
				MACOSX_DEPLOYMENT_TARGET = 12.3;
				MTL_ENABLE_DEBUG_INFO = NO;
				MTL_FAST_MATH = YES;
				SDKROOT = macosx;
				SWIFT_COMPILATION_MODE = wholemodule;
				SWIFT_OPTIMIZATION_LEVEL = "-O";
			};
			name = Release;
		};
		232A173328B1FD7300D6B86A /* Debug */ = {
			isa = XCBuildConfiguration;
			buildSettings = {
				CODE_SIGN_STYLE = Automatic;
				PRODUCT_NAME = "$(TARGET_NAME)";
				SWIFT_VERSION = 5.0;
			};
			name = Debug;
		};
		232A173428B1FD7300D6B86A /* Release */ = {
			isa = XCBuildConfiguration;
			buildSettings = {
				CODE_SIGN_STYLE = Automatic;
				PRODUCT_NAME = "$(TARGET_NAME)";
				SWIFT_VERSION = 5.0;
			};
			name = Release;
		};
/* End XCBuildConfiguration section */

/* Begin XCConfigurationList section */
		232A172628B1FD7300D6B86A /* Build configuration list for PBXProject "Graphite" */ = {
			isa = XCConfigurationList;
			buildConfigurations = (
				232A173028B1FD7300D6B86A /* Debug */,
				232A173128B1FD7300D6B86A /* Release */,
			);
			defaultConfigurationIsVisible = 0;
			defaultConfigurationName = Release;
		};
		232A173228B1FD7300D6B86A /* Build configuration list for PBXNativeTarget "Graphite" */ = {
			isa = XCConfigurationList;
			buildConfigurations = (
				232A173328B1FD7300D6B86A /* Debug */,
				232A173428B1FD7300D6B86A /* Release */,
			);
			defaultConfigurationIsVisible = 0;
			defaultConfigurationName = Release;
		};
/* End XCConfigurationList section */

/* Begin XCRemoteSwiftPackageReference section */
		232A173828B28CD400D6B86A /* XCRemoteSwiftPackageReference "Solana.Swift" */ = {
			isa = XCRemoteSwiftPackageReference;
			repositoryURL = "https://github.com/metaplex-foundation/Solana.Swift.git";
			requirement = {
				kind = upToNextMajorVersion;
				minimumVersion = 1.2.0;
			};
		};
/* End XCRemoteSwiftPackageReference section */

/* Begin XCSwiftPackageProductDependency section */
		232A173928B28CD400D6B86A /* Solana */ = {
			isa = XCSwiftPackageProductDependency;
			package = 232A173828B28CD400D6B86A /* XCRemoteSwiftPackageReference "Solana.Swift" */;
			productName = Solana;
		};
/* End XCSwiftPackageProductDependency section */
	};
	rootObject = 232A172328B1FD7300D6B86A /* Project object */;
}
